
Microsoft Visual Studio Solution File, Format Version 12.00
# Visual Studio Version 16
VisualStudioVersion = 16.0.31321.278
MinimumVisualStudioVersion = 10.0.40219.1
Project("{FAE04EC0-301F-11D3-BF4B-00C04F79EFBC}") = "ExamMarkov", "ExamMarkov.csproj", "{92F168BB-F8C7-490D-8986-A135617AE75E}"
EndProject
Global
	GlobalSection(SolutionConfigurationPlatforms) = preSolution
		Debug|Any CPU = Debug|Any CPU
		Release|Any CPU = Release|Any CPU
	EndGlobalSection
	GlobalSection(ProjectConfigurationPlatforms) = postSolution
		{92F168BB-F8C7-490D-8986-A135617AE75E}.Debug|Any CPU.ActiveCfg = Debug|Any CPU
		{92F168BB-F8C7-490D-8986-A135617AE75E}.Debug|Any CPU.Build.0 = Debug|Any CPU
		{92F168BB-F8C7-490D-8986-A135617AE75E}.Release|Any CPU.ActiveCfg = Release|Any CPU
		{92F168BB-F8C7-490D-8986-A135617AE75E}.Release|Any CPU.Build.0 = Release|Any CPU
	EndGlobalSection
	GlobalSection(SolutionProperties) = preSolution
		HideSolutionNode = FALSE
	EndGlobalSection
	GlobalSection(ExtensibilityGlobals) = postSolution
		SolutionGuid = {344A08A7-5E1A-41C3-A87B-F549E47EFD85}
	EndGlobalSection
EndGlobal
